
Microsoft Visual Studio Solution File, Format Version 12.00
# Visual Studio 15
VisualStudioVersion = 15.0.28307.106
MinimumVisualStudioVersion = 10.0.40219.1
Project("{FAE04EC0-301F-11D3-BF4B-00C04F79EFBC}") = "Projeto", "Projeto\Projeto.csproj", "{A62B6C38-83CF-482A-B2A6-A569EDAE9AD5}"
EndProject
Global
	GlobalSection(SolutionConfigurationPlatforms) = preSolution
		Debug|Any CPU = Debug|Any CPU
		Release|Any CPU = Release|Any CPU
	EndGlobalSection
	GlobalSection(ProjectConfigurationPlatforms) = postSolution
		{A62B6C38-83CF-482A-B2A6-A569EDAE9AD5}.Debug|Any CPU.ActiveCfg = Debug|Any CPU
		{A62B6C38-83CF-482A-B2A6-A569EDAE9AD5}.Debug|Any CPU.Build.0 = Debug|Any CPU
		{A62B6C38-83CF-482A-B2A6-A569EDAE9AD5}.Release|Any CPU.ActiveCfg = Release|Any CPU
		{A62B6C38-83CF-482A-B2A6-A569EDAE9AD5}.Release|Any CPU.Build.0 = Release|Any CPU
	EndGlobalSection
	GlobalSection(SolutionProperties) = preSolution
		HideSolutionNode = FALSE
	EndGlobalSection
	GlobalSection(ExtensibilityGlobals) = postSolution
		SolutionGuid = {CB0C6F04-3E9D-494C-B318-38E8B3B07B90}
	EndGlobalSection
EndGlobal
